
Microsoft Visual Studio Solution File, Format Version 12.00
# Visual Studio Version 17
VisualStudioVersion = 17.8.34525.116
MinimumVisualStudioVersion = 10.0.40219.1
Project("{8BC9CEB8-8B4A-11D0-8D11-00A0C91BC942}") = "Lab1", "Lab1\Lab1.vcxproj", "{A661F0F8-7036-49E2-9081-D56BCC750312}"
EndProject
Global
	GlobalSection(SolutionConfigurationPlatforms) = preSolution
		Debug|x64 = Debug|x64
		Release|x64 = Release|x64
	EndGlobalSection
	GlobalSection(ProjectConfigurationPlatforms) = postSolution
		{A661F0F8-7036-49E2-9081-D56BCC750312}.Debug|x64.ActiveCfg = Debug|x64
		{A661F0F8-7036-49E2-9081-D56BCC750312}.Debug|x64.Build.0 = Debug|x64
		{A661F0F8-7036-49E2-9081-D56BCC750312}.Release|x64.ActiveCfg = Release|x64
		{A661F0F8-7036-49E2-9081-D56BCC750312}.Release|x64.Build.0 = Release|x64
	EndGlobalSection
	GlobalSection(SolutionProperties) = preSolution
		HideSolutionNode = FALSE
	EndGlobalSection
	GlobalSection(ExtensibilityGlobals) = postSolution
		SolutionGuid = {A920B536-7DCA-4BDA-8CC1-443C4CE1A52C}
	EndGlobalSection
EndGlobal
